
Microsoft Visual Studio Solution File, Format Version 12.00
Project("{FAE04EC0-301F-11D3-BF4B-00C04F79EFBC}") = "Project_WebAPI_1", "Project_WebAPI_1\Project_WebAPI_1.csproj", "{20451E38-C518-4486-A8F8-9D4EA752394D}"
EndProject
Global
	GlobalSection(SolutionConfigurationPlatforms) = preSolution
		Debug|Any CPU = Debug|Any CPU
		Release|Any CPU = Release|Any CPU
	EndGlobalSection
	GlobalSection(ProjectConfigurationPlatforms) = postSolution
		{20451E38-C518-4486-A8F8-9D4EA752394D}.Debug|Any CPU.ActiveCfg = Debug|Any CPU
		{20451E38-C518-4486-A8F8-9D4EA752394D}.Debug|Any CPU.Build.0 = Debug|Any CPU
		{20451E38-C518-4486-A8F8-9D4EA752394D}.Release|Any CPU.ActiveCfg = Release|Any CPU
		{20451E38-C518-4486-A8F8-9D4EA752394D}.Release|Any CPU.Build.0 = Release|Any CPU
	EndGlobalSection
EndGlobal
